<?xml version="1.0" encoding="utf-8"?>
<Project ToolsVersion="4.0" xmlns="http://schemas.microsoft.com/developer/msbuild/2003">
  <ItemGroup>
    <ClCompile Include="..\cgiutil.c">
      <Filter>Source Files</Filter>
    </ClCompile>
    <ClCompile Include="..\mapgeos.c">
      <Filter>Source Files</Filter>
    </ClCompile>
    <ClCompile Include="..\maporaclespatial.c">
      <Filter>Source Files</Filter>
    </ClCompile>
    <ClCompile Include="..\mapsearch.c">
      <Filter>Source Files</Filter>
    </ClCompile>
    <ClCompile Include="..\mapwms.c">
      <Filter>Source Files</Filter>
    </ClCompile>
    <ClCompile Include="..\classobject.c">
      <Filter>Source Files</Filter>
    </ClCompile>
    <ClCompile Include="..\mapgml.c">
      <Filter>Source Files</Filter>
    </ClCompile>
    <ClCompile Include="..\mapoutput.c">
      <Filter>Source Files</Filter>
    </ClCompile>
    <ClCompile Include="..\mapwmslayer.c">
      <Filter>Source Files</Filter>
    </ClCompile>
    <ClCompile Include="..\layerobject.c">
      <Filter>Source Files</Filter>
    </ClCompile>
    <ClCompile Include="..\mapgraticule.c">
      <Filter>Source Files</Filter>
    </ClCompile>
    <ClCompile Include="..\mapows.c">
      <Filter>Source Files</Filter>
    </ClCompile>
    <ClCompile Include="..\mapservutil.c">
      <Filter>Source Files</Filter>
    </ClCompile>
    <ClCompile Include="..\mapxbase.c">
      <Filter>Source Files</Filter>
    </ClCompile>
    <ClCompile Include="..\maphash.c">
      <Filter>Source Files</Filter>
    </ClCompile>
    <ClCompile Include="..\mapowscommon.c">
      <Filter>Source Files</Filter>
    </ClCompile>
    <ClCompile Include="..\mapshape.c">
      <Filter>Source Files</Filter>
    </ClCompile>
    <ClCompile Include="..\mapxml.c">
      <Filter>Source Files</Filter>
    </ClCompile>
    <ClCompile Include="..\mapbits.c">
      <Filter>Source Files</Filter>
    </ClCompile>
    <ClCompile Include="..\maphttp.c">
      <Filter>Source Files</Filter>
    </ClCompile>
    <ClCompile Include="..\mapparser.c">
      <Filter>Source Files</Filter>
    </ClCompile>
    <ClCompile Include="..\mapstring.c">
      <Filter>Source Files</Filter>
    </ClCompile>
    <ClCompile Include="..\mapxmp.c">
      <Filter>Source Files</Filter>
    </ClCompile>
    <ClCompile Include="..\mapcairo.c">
      <Filter>Source Files</Filter>
    </ClCompile>
    <ClCompile Include="..\mapimageio.c">
      <Filter>Source Files</Filter>
    </ClCompile>
    <ClCompile Include="..\mappluginlayer.c">
      <Filter>Source Files</Filter>
    </ClCompile>
    <ClCompile Include="..\mapsymbol.c">
      <Filter>Source Files</Filter>
    </ClCompile>
    <ClCompile Include="..\mapchart.c">
      <Filter>Source Files</Filter>
    </ClCompile>
    <ClCompile Include="..\mapimagemap.c">
      <Filter>Source Files</Filter>
    </ClCompile>
    <ClCompile Include="..\mappool.c">
      <Filter>Source Files</Filter>
    </ClCompile>
    <ClCompile Include="..\maptclutf.c">
      <Filter>Source Files</Filter>
    </ClCompile>
    <ClCompile Include="..\mapcluster.c">
      <Filter>Source Files</Filter>
    </ClCompile>
    <ClCompile Include="..\mapio.c">
      <Filter>Source Files</Filter>
    </ClCompile>
    <ClCompile Include="..\mappostgis.c">
      <Filter>Source Files</Filter>
    </ClCompile>
    <ClCompile Include="..\maptemplate.c">
      <Filter>Source Files</Filter>
    </ClCompile>
    <ClCompile Include="..\mapcontext.c">
      <Filter>Source Files</Filter>
    </ClCompile>
    <ClCompile Include="..\mapjoin.c">
      <Filter>Source Files</Filter>
    </ClCompile>
    <ClCompile Include="..\mappostgresql.c">
      <Filter>Source Files</Filter>
    </ClCompile>
    <ClCompile Include="..\mapthread.c">
      <Filter>Source Files</Filter>
    </ClCompile>
    <ClCompile Include="..\mapcopy.c">
      <Filter>Source Files</Filter>
    </ClCompile>
    <ClCompile Include="..\maplabel.c">
      <Filter>Source Files</Filter>
    </ClCompile>
    <ClCompile Include="..\mapprimitive.c">
      <Filter>Source Files</Filter>
    </ClCompile>
    <ClCompile Include="..\maptile.c">
      <Filter>Source Files</Filter>
    </ClCompile>
    <ClCompile Include="..\mapcpl.c">
      <Filter>Source Files</Filter>
    </ClCompile>
    <ClCompile Include="..\maplayer.c">
      <Filter>Source Files</Filter>
    </ClCompile>
    <ClCompile Include="..\mapproject.c">
      <Filter>Source Files</Filter>
    </ClCompile>
    <ClCompile Include="..\maptime.c">
      <Filter>Source Files</Filter>
    </ClCompile>
    <ClCompile Include="..\mapcrypto.c">
      <Filter>Source Files</Filter>
    </ClCompile>
    <ClCompile Include="..\maplegend.c">
      <Filter>Source Files</Filter>
    </ClCompile>
    <ClCompile Include="..\hittest.c">
      <Filter>Source Files</Filter>
    </ClCompile>
    <ClCompile Include="..\mapprojhack.c">
      <Filter>Source Files</Filter>
    </ClCompile>
    <ClCompile Include="..\maptree.c">
      <Filter>Source Files</Filter>
    </ClCompile>
    <ClCompile Include="..\mapdebug.c">
      <Filter>Source Files</Filter>
    </ClCompile>
    <ClCompile Include="..\maplexer.c">
      <Filter>Source Files</Filter>
    </ClCompile>
    <ClCompile Include="..\mapquantization.c">
      <Filter>Source Files</Filter>
    </ClCompile>
    <ClCompile Include="..\mapunion.c">
      <Filter>Source Files</Filter>
    </ClCompile>
    <ClCompile Include="..\mapdraw.c">
      <Filter>Source Files</Filter>
    </ClCompile>
    <ClCompile Include="..\maplibxml2.c">
      <Filter>Source Files</Filter>
    </ClCompile>
    <ClCompile Include="..\mapquery.c">
      <Filter>Source Files</Filter>
    </ClCompile>
    <ClCompile Include="..\maputil.c">
      <Filter>Source Files</Filter>
    </ClCompile>
    <ClCompile Include="..\strptime.c">
      <Filter>Source Files</Filter>
    </ClCompile>
    <ClCompile Include="..\mapdrawgdal.c">
      <Filter>Source Files</Filter>
    </ClCompile>
    <ClCompile Include="..\mapraster.c">
      <Filter>Source Files</Filter>
    </ClCompile>
    <ClCompile Include="..\mapuvraster.c">
      <Filter>Source Files</Filter>
    </ClCompile>
    <ClCompile Include="..\mapdummyrenderer.c">
      <Filter>Source Files</Filter>
    </ClCompile>
    <ClCompile Include="..\mapobject.c">
      <Filter>Source Files</Filter>
    </ClCompile>
    <ClCompile Include="..\maprasterquery.c">
      <Filter>Source Files</Filter>
    </ClCompile>
    <ClCompile Include="..\mapwcs.c">
      <Filter>Source Files</Filter>
    </ClCompile>
    <ClCompile Include="..\maperror.c">
      <Filter>Source Files</Filter>
    </ClCompile>
    <ClCompile Include="..\mapogcfilter.c">
      <Filter>Source Files</Filter>
    </ClCompile>
    <ClCompile Include="..\mapregex.c">
      <Filter>Source Files</Filter>
    </ClCompile>
    <ClCompile Include="..\mapwcs11.c">
      <Filter>Source Files</Filter>
    </ClCompile>
    <ClCompile Include="..\mapfile.c">
      <Filter>Source Files</Filter>
    </ClCompile>
    <ClCompile Include="..\mapogcfiltercommon.c">
      <Filter>Source Files</Filter>
    </ClCompile>
    <ClCompile Include="..\maprendering.c">
      <Filter>Source Files</Filter>
    </ClCompile>
    <ClCompile Include="..\mapwcs20.c">
      <Filter>Source Files</Filter>
    </ClCompile>
    <ClCompile Include="..\mapgd.c">
      <Filter>Source Files</Filter>
    </ClCompile>
    <ClCompile Include="..\mapogcsld.c">
      <Filter>Source Files</Filter>
    </ClCompile>
    <ClCompile Include="..\mapresample.c">
      <Filter>Source Files</Filter>
    </ClCompile>
    <ClCompile Include="..\mapwfs.c">
      <Filter>Source Files</Filter>
    </ClCompile>
    <ClCompile Include="..\mapgdal.c">
      <Filter>Source Files</Filter>
    </ClCompile>
    <ClCompile Include="..\mapogcsos.c">
      <Filter>Source Files</Filter>
    </ClCompile>
    <ClCompile Include="..\mapscale.c">
      <Filter>Source Files</Filter>
    </ClCompile>
    <ClCompile Include="..\mapwfs11.c">
      <Filter>Source Files</Filter>
    </ClCompile>
    <ClCompile Include="..\mapgeomtransform.c">
      <Filter>Source Files</Filter>
    </ClCompile>
    <ClCompile Include="..\mapogroutput.c">
      <Filter>Source Files</Filter>
    </ClCompile>
    <ClCompile Include="..\mapsde.c">
      <Filter>Source Files</Filter>
    </ClCompile>
    <ClCompile Include="..\mapwfslayer.c">
      <Filter>Source Files</Filter>
    </ClCompile>
    <ClCompile Include="..\mapagg.cpp">
      <Filter>Source Files</Filter>
    </ClCompile>
    <ClCompile Include="..\mapkml.cpp">
      <Filter>Source Files</Filter>
    </ClCompile>
    <ClCompile Include="..\mapgeomutil.cpp">
      <Filter>Source Files</Filter>
    </ClCompile>
    <ClCompile Include="..\mapkmlrenderer.cpp">
      <Filter>Source Files</Filter>
    </ClCompile>
    <ClCompile Include="..\mapogr.cpp">
      <Filter>Source Files</Filter>
    </ClCompile>
    <ClCompile Include="..\mapcontour.c">
      <Filter>Source Files</Filter>
    </ClCompile>
    <ClCompile Include="..\mapsmoothing.c">
      <Filter>Source Files</Filter>
    </ClCompile>
    <ClCompile Include="E:\builds\regex-0.12\regex.c">
      <Filter>Source Files</Filter>
    </ClCompile>
    <ClCompile Include="..\renderers\agg\src\agg_arc.cpp">
      <Filter>Source Files</Filter>
    </ClCompile>
    <ClCompile Include="..\renderers\agg\src\agg_vcgen_dash.cpp">
      <Filter>Source Files</Filter>
    </ClCompile>
    <ClCompile Include="..\renderers\agg\src\agg_vcgen_contour.cpp">
      <Filter>Source Files</Filter>
    </ClCompile>
    <ClCompile Include="..\renderers\agg\src\agg_curves.cpp">
      <Filter>Source Files</Filter>
    </ClCompile>
    <ClCompile Include="..\renderers\agg\src\agg_embedded_raster_fonts.cpp">
      <Filter>Source Files</Filter>
    </ClCompile>
    <ClCompile Include="..\renderers\agg\src\agg_trans_affine.cpp">
      <Filter>Source Files</Filter>
    </ClCompile>
    <ClCompile Include="..\renderers\agg\src\agg_vcgen_stroke.cpp">
      <Filter>Source Files</Filter>
    </ClCompile>
    <ClCompile Include="..\renderers\agg\src\agg_font_freetype.cpp">
      <Filter>Source Files</Filter>
    </ClCompile>
    <ClCompile Include="..\renderers\agg\src\agg_line_aa_basics.cpp">
      <Filter>Source Files</Filter>
    </ClCompile>
    <ClCompile Include="..\renderers\agg\src\clipper.cpp">
      <Filter>Source Files</Filter>
    </ClCompile>
  </ItemGroup>
  <ItemGroup>
    <CustomBuild Include="..\CMakeLists.txt" />
  </ItemGroup>
  <ItemGroup>
    <Filter Include="Source Files">
      <UniqueIdentifier>{5E2D9350-9BE0-4832-A567-A14D9C44A4DA}</UniqueIdentifier>
    </Filter>
  </ItemGroup>
</Project>
