Microsoft Visual Studio Solution File, Format Version 12.00
# Visual Studio 2012
Project("{8BC9CEB8-8B4A-11D0-8D11-00A0C91BC942}") = "ALL_BUILD", "ALL_BUILD.vcxproj", "{75451E37-CFFD-4377-8947-F747FF6DBBE5}"
	ProjectSection(ProjectDependencies) = postProject
		{71CADF73-AE4E-4DD7-8996-2B092FD2C8FF} = {71CADF73-AE4E-4DD7-8996-2B092FD2C8FF}
		{481E6086-7866-4841-8055-2EED6068CB47} = {481E6086-7866-4841-8055-2EED6068CB47}
		{ECC1307A-E337-4626-9CE5-B31127313BC2} = {ECC1307A-E337-4626-9CE5-B31127313BC2}
		{BCC47C25-1C98-4C6F-8BE3-B50D39D5F34E} = {BCC47C25-1C98-4C6F-8BE3-B50D39D5F34E}
		{E26C9769-83B5-4594-9804-C36A1609CC17} = {E26C9769-83B5-4594-9804-C36A1609CC17}
		{E6C78C31-578E-48A5-992D-F2364F7B8D2F} = {E6C78C31-578E-48A5-992D-F2364F7B8D2F}
		{0EBF2E43-2A83-4498-80BF-D1952518FCFF} = {0EBF2E43-2A83-4498-80BF-D1952518FCFF}
		{B27AFD71-15EA-4D22-8FBE-EBF561E086ED} = {B27AFD71-15EA-4D22-8FBE-EBF561E086ED}
		{6FA68961-4A5D-4B68-9BB4-DBF1ABF190AA} = {6FA68961-4A5D-4B68-9BB4-DBF1ABF190AA}
		{25C13B4D-A623-4065-81C6-028497DC5876} = {25C13B4D-A623-4065-81C6-028497DC5876}
		{2E6AF69C-F4E3-4C08-A2A3-9DD60F551E8C} = {2E6AF69C-F4E3-4C08-A2A3-9DD60F551E8C}
		{13D4D74C-D983-4B2E-886E-32DDADC08B11} = {13D4D74C-D983-4B2E-886E-32DDADC08B11}
		{0181BE5D-F5FA-42FD-A9DF-0054F167A146} = {0181BE5D-F5FA-42FD-A9DF-0054F167A146}
		{E4AE9FD2-BE2F-4094-9388-8E656AB1ADE0} = {E4AE9FD2-BE2F-4094-9388-8E656AB1ADE0}
		{C26BC6C5-65EC-4E5D-BCCB-8CFF3F638082} = {C26BC6C5-65EC-4E5D-BCCB-8CFF3F638082}
		{9A1FD2E3-543E-4C4E-A13E-467EABE24A3D} = {9A1FD2E3-543E-4C4E-A13E-467EABE24A3D}
		{B1A03EF2-B07E-4F99-A300-FDCBD14DDC93} = {B1A03EF2-B07E-4F99-A300-FDCBD14DDC93}
	EndProjectSection
EndProject
Project("{8BC9CEB8-8B4A-11D0-8D11-00A0C91BC942}") = "INSTALL", "INSTALL.vcxproj", "{3795AAE4-2749-4E59-B106-B882A2CCFC01}"
	ProjectSection(ProjectDependencies) = postProject
		{75451E37-CFFD-4377-8947-F747FF6DBBE5} = {75451E37-CFFD-4377-8947-F747FF6DBBE5}
	EndProjectSection
EndProject
Project("{8BC9CEB8-8B4A-11D0-8D11-00A0C91BC942}") = "ZERO_CHECK", "ZERO_CHECK.vcxproj", "{71CADF73-AE4E-4DD7-8996-2B092FD2C8FF}"
	ProjectSection(ProjectDependencies) = postProject
	EndProjectSection
EndProject
Project("{8BC9CEB8-8B4A-11D0-8D11-00A0C91BC942}") = "_pythonmapscript", "mapscript\python\_pythonmapscript.vcxproj", "{481E6086-7866-4841-8055-2EED6068CB47}"
	ProjectSection(ProjectDependencies) = postProject
		{71CADF73-AE4E-4DD7-8996-2B092FD2C8FF} = {71CADF73-AE4E-4DD7-8996-2B092FD2C8FF}
		{0EBF2E43-2A83-4498-80BF-D1952518FCFF} = {0EBF2E43-2A83-4498-80BF-D1952518FCFF}
	EndProjectSection
EndProject
Project("{8BC9CEB8-8B4A-11D0-8D11-00A0C91BC942}") = "csharpmapscript", "mapscript\csharp\csharpmapscript.vcxproj", "{ECC1307A-E337-4626-9CE5-B31127313BC2}"
	ProjectSection(ProjectDependencies) = postProject
		{71CADF73-AE4E-4DD7-8996-2B092FD2C8FF} = {71CADF73-AE4E-4DD7-8996-2B092FD2C8FF}
		{0EBF2E43-2A83-4498-80BF-D1952518FCFF} = {0EBF2E43-2A83-4498-80BF-D1952518FCFF}
	EndProjectSection
EndProject
Project("{8BC9CEB8-8B4A-11D0-8D11-00A0C91BC942}") = "javamapscript", "mapscript\java\javamapscript.vcxproj", "{BCC47C25-1C98-4C6F-8BE3-B50D39D5F34E}"
	ProjectSection(ProjectDependencies) = postProject
		{71CADF73-AE4E-4DD7-8996-2B092FD2C8FF} = {71CADF73-AE4E-4DD7-8996-2B092FD2C8FF}
		{0EBF2E43-2A83-4498-80BF-D1952518FCFF} = {0EBF2E43-2A83-4498-80BF-D1952518FCFF}
	EndProjectSection
EndProject
Project("{8BC9CEB8-8B4A-11D0-8D11-00A0C91BC942}") = "legend", "legend.vcxproj", "{E26C9769-83B5-4594-9804-C36A1609CC17}"
	ProjectSection(ProjectDependencies) = postProject
		{71CADF73-AE4E-4DD7-8996-2B092FD2C8FF} = {71CADF73-AE4E-4DD7-8996-2B092FD2C8FF}
		{0EBF2E43-2A83-4498-80BF-D1952518FCFF} = {0EBF2E43-2A83-4498-80BF-D1952518FCFF}
	EndProjectSection
EndProject
Project("{8BC9CEB8-8B4A-11D0-8D11-00A0C91BC942}") = "mapserv", "mapserv.vcxproj", "{E6C78C31-578E-48A5-992D-F2364F7B8D2F}"
	ProjectSection(ProjectDependencies) = postProject
		{71CADF73-AE4E-4DD7-8996-2B092FD2C8FF} = {71CADF73-AE4E-4DD7-8996-2B092FD2C8FF}
		{0EBF2E43-2A83-4498-80BF-D1952518FCFF} = {0EBF2E43-2A83-4498-80BF-D1952518FCFF}
	EndProjectSection
EndProject
Project("{8BC9CEB8-8B4A-11D0-8D11-00A0C91BC942}") = "mapserver", "mapserver.vcxproj", "{0EBF2E43-2A83-4498-80BF-D1952518FCFF}"
	ProjectSection(ProjectDependencies) = postProject
		{71CADF73-AE4E-4DD7-8996-2B092FD2C8FF} = {71CADF73-AE4E-4DD7-8996-2B092FD2C8FF}
	EndProjectSection
EndProject
Project("{8BC9CEB8-8B4A-11D0-8D11-00A0C91BC942}") = "msencrypt", "msencrypt.vcxproj", "{B27AFD71-15EA-4D22-8FBE-EBF561E086ED}"
	ProjectSection(ProjectDependencies) = postProject
		{71CADF73-AE4E-4DD7-8996-2B092FD2C8FF} = {71CADF73-AE4E-4DD7-8996-2B092FD2C8FF}
		{0EBF2E43-2A83-4498-80BF-D1952518FCFF} = {0EBF2E43-2A83-4498-80BF-D1952518FCFF}
	EndProjectSection
EndProject
Project("{8BC9CEB8-8B4A-11D0-8D11-00A0C91BC942}") = "msplugin_mssql2008", "msplugin_mssql2008.vcxproj", "{6FA68961-4A5D-4B68-9BB4-DBF1ABF190AA}"
	ProjectSection(ProjectDependencies) = postProject
		{71CADF73-AE4E-4DD7-8996-2B092FD2C8FF} = {71CADF73-AE4E-4DD7-8996-2B092FD2C8FF}
		{0EBF2E43-2A83-4498-80BF-D1952518FCFF} = {0EBF2E43-2A83-4498-80BF-D1952518FCFF}
	EndProjectSection
EndProject
Project("{8BC9CEB8-8B4A-11D0-8D11-00A0C91BC942}") = "msplugin_oracle", "msplugin_oracle.vcxproj", "{25C13B4D-A623-4065-81C6-028497DC5876}"
	ProjectSection(ProjectDependencies) = postProject
		{71CADF73-AE4E-4DD7-8996-2B092FD2C8FF} = {71CADF73-AE4E-4DD7-8996-2B092FD2C8FF}
		{0EBF2E43-2A83-4498-80BF-D1952518FCFF} = {0EBF2E43-2A83-4498-80BF-D1952518FCFF}
	EndProjectSection
EndProject
Project("{8BC9CEB8-8B4A-11D0-8D11-00A0C91BC942}") = "scalebar", "scalebar.vcxproj", "{2E6AF69C-F4E3-4C08-A2A3-9DD60F551E8C}"
	ProjectSection(ProjectDependencies) = postProject
		{71CADF73-AE4E-4DD7-8996-2B092FD2C8FF} = {71CADF73-AE4E-4DD7-8996-2B092FD2C8FF}
		{0EBF2E43-2A83-4498-80BF-D1952518FCFF} = {0EBF2E43-2A83-4498-80BF-D1952518FCFF}
	EndProjectSection
EndProject
Project("{8BC9CEB8-8B4A-11D0-8D11-00A0C91BC942}") = "shp2img", "shp2img.vcxproj", "{13D4D74C-D983-4B2E-886E-32DDADC08B11}"
	ProjectSection(ProjectDependencies) = postProject
		{71CADF73-AE4E-4DD7-8996-2B092FD2C8FF} = {71CADF73-AE4E-4DD7-8996-2B092FD2C8FF}
		{0EBF2E43-2A83-4498-80BF-D1952518FCFF} = {0EBF2E43-2A83-4498-80BF-D1952518FCFF}
	EndProjectSection
EndProject
Project("{8BC9CEB8-8B4A-11D0-8D11-00A0C91BC942}") = "shptree", "shptree.vcxproj", "{0181BE5D-F5FA-42FD-A9DF-0054F167A146}"
	ProjectSection(ProjectDependencies) = postProject
		{71CADF73-AE4E-4DD7-8996-2B092FD2C8FF} = {71CADF73-AE4E-4DD7-8996-2B092FD2C8FF}
		{0EBF2E43-2A83-4498-80BF-D1952518FCFF} = {0EBF2E43-2A83-4498-80BF-D1952518FCFF}
	EndProjectSection
EndProject
Project("{8BC9CEB8-8B4A-11D0-8D11-00A0C91BC942}") = "shptreetst", "shptreetst.vcxproj", "{E4AE9FD2-BE2F-4094-9388-8E656AB1ADE0}"
	ProjectSection(ProjectDependencies) = postProject
		{71CADF73-AE4E-4DD7-8996-2B092FD2C8FF} = {71CADF73-AE4E-4DD7-8996-2B092FD2C8FF}
		{0EBF2E43-2A83-4498-80BF-D1952518FCFF} = {0EBF2E43-2A83-4498-80BF-D1952518FCFF}
	EndProjectSection
EndProject
Project("{8BC9CEB8-8B4A-11D0-8D11-00A0C91BC942}") = "shptreevis", "shptreevis.vcxproj", "{C26BC6C5-65EC-4E5D-BCCB-8CFF3F638082}"
	ProjectSection(ProjectDependencies) = postProject
		{71CADF73-AE4E-4DD7-8996-2B092FD2C8FF} = {71CADF73-AE4E-4DD7-8996-2B092FD2C8FF}
		{0EBF2E43-2A83-4498-80BF-D1952518FCFF} = {0EBF2E43-2A83-4498-80BF-D1952518FCFF}
	EndProjectSection
EndProject
Project("{8BC9CEB8-8B4A-11D0-8D11-00A0C91BC942}") = "sortshp", "sortshp.vcxproj", "{9A1FD2E3-543E-4C4E-A13E-467EABE24A3D}"
	ProjectSection(ProjectDependencies) = postProject
		{71CADF73-AE4E-4DD7-8996-2B092FD2C8FF} = {71CADF73-AE4E-4DD7-8996-2B092FD2C8FF}
		{0EBF2E43-2A83-4498-80BF-D1952518FCFF} = {0EBF2E43-2A83-4498-80BF-D1952518FCFF}
	EndProjectSection
EndProject
Project("{8BC9CEB8-8B4A-11D0-8D11-00A0C91BC942}") = "tile4ms", "tile4ms.vcxproj", "{B1A03EF2-B07E-4F99-A300-FDCBD14DDC93}"
	ProjectSection(ProjectDependencies) = postProject
		{71CADF73-AE4E-4DD7-8996-2B092FD2C8FF} = {71CADF73-AE4E-4DD7-8996-2B092FD2C8FF}
		{0EBF2E43-2A83-4498-80BF-D1952518FCFF} = {0EBF2E43-2A83-4498-80BF-D1952518FCFF}
	EndProjectSection
EndProject
Global
	GlobalSection(SolutionConfigurationPlatforms) = preSolution
		Debug|x64 = Debug|x64
		Release|x64 = Release|x64
		MinSizeRel|x64 = MinSizeRel|x64
		RelWithDebInfo|x64 = RelWithDebInfo|x64
	EndGlobalSection
	GlobalSection(ProjectConfigurationPlatforms) = postSolution
		{75451E37-CFFD-4377-8947-F747FF6DBBE5}.Debug|x64.ActiveCfg = Debug|x64
		{75451E37-CFFD-4377-8947-F747FF6DBBE5}.Debug|x64.Build.0 = Debug|x64
		{75451E37-CFFD-4377-8947-F747FF6DBBE5}.Release|x64.ActiveCfg = Release|x64
		{75451E37-CFFD-4377-8947-F747FF6DBBE5}.Release|x64.Build.0 = Release|x64
		{75451E37-CFFD-4377-8947-F747FF6DBBE5}.MinSizeRel|x64.ActiveCfg = MinSizeRel|x64
		{75451E37-CFFD-4377-8947-F747FF6DBBE5}.MinSizeRel|x64.Build.0 = MinSizeRel|x64
		{75451E37-CFFD-4377-8947-F747FF6DBBE5}.RelWithDebInfo|x64.ActiveCfg = RelWithDebInfo|x64
		{75451E37-CFFD-4377-8947-F747FF6DBBE5}.RelWithDebInfo|x64.Build.0 = RelWithDebInfo|x64
		{3795AAE4-2749-4E59-B106-B882A2CCFC01}.Debug|x64.ActiveCfg = Debug|x64
		{3795AAE4-2749-4E59-B106-B882A2CCFC01}.Release|x64.ActiveCfg = Release|x64
		{3795AAE4-2749-4E59-B106-B882A2CCFC01}.MinSizeRel|x64.ActiveCfg = MinSizeRel|x64
		{3795AAE4-2749-4E59-B106-B882A2CCFC01}.RelWithDebInfo|x64.ActiveCfg = RelWithDebInfo|x64
		{71CADF73-AE4E-4DD7-8996-2B092FD2C8FF}.Debug|x64.ActiveCfg = Debug|x64
		{71CADF73-AE4E-4DD7-8996-2B092FD2C8FF}.Debug|x64.Build.0 = Debug|x64
		{71CADF73-AE4E-4DD7-8996-2B092FD2C8FF}.Release|x64.ActiveCfg = Release|x64
		{71CADF73-AE4E-4DD7-8996-2B092FD2C8FF}.Release|x64.Build.0 = Release|x64
		{71CADF73-AE4E-4DD7-8996-2B092FD2C8FF}.MinSizeRel|x64.ActiveCfg = MinSizeRel|x64
		{71CADF73-AE4E-4DD7-8996-2B092FD2C8FF}.MinSizeRel|x64.Build.0 = MinSizeRel|x64
		{71CADF73-AE4E-4DD7-8996-2B092FD2C8FF}.RelWithDebInfo|x64.ActiveCfg = RelWithDebInfo|x64
		{71CADF73-AE4E-4DD7-8996-2B092FD2C8FF}.RelWithDebInfo|x64.Build.0 = RelWithDebInfo|x64
		{481E6086-7866-4841-8055-2EED6068CB47}.Debug|x64.ActiveCfg = Debug|x64
		{481E6086-7866-4841-8055-2EED6068CB47}.Debug|x64.Build.0 = Debug|x64
		{481E6086-7866-4841-8055-2EED6068CB47}.Release|x64.ActiveCfg = Release|x64
		{481E6086-7866-4841-8055-2EED6068CB47}.Release|x64.Build.0 = Release|x64
		{481E6086-7866-4841-8055-2EED6068CB47}.MinSizeRel|x64.ActiveCfg = MinSizeRel|x64
		{481E6086-7866-4841-8055-2EED6068CB47}.MinSizeRel|x64.Build.0 = MinSizeRel|x64
		{481E6086-7866-4841-8055-2EED6068CB47}.RelWithDebInfo|x64.ActiveCfg = RelWithDebInfo|x64
		{481E6086-7866-4841-8055-2EED6068CB47}.RelWithDebInfo|x64.Build.0 = RelWithDebInfo|x64
		{ECC1307A-E337-4626-9CE5-B31127313BC2}.Debug|x64.ActiveCfg = Debug|x64
		{ECC1307A-E337-4626-9CE5-B31127313BC2}.Debug|x64.Build.0 = Debug|x64
		{ECC1307A-E337-4626-9CE5-B31127313BC2}.Release|x64.ActiveCfg = Release|x64
		{ECC1307A-E337-4626-9CE5-B31127313BC2}.Release|x64.Build.0 = Release|x64
		{ECC1307A-E337-4626-9CE5-B31127313BC2}.MinSizeRel|x64.ActiveCfg = MinSizeRel|x64
		{ECC1307A-E337-4626-9CE5-B31127313BC2}.MinSizeRel|x64.Build.0 = MinSizeRel|x64
		{ECC1307A-E337-4626-9CE5-B31127313BC2}.RelWithDebInfo|x64.ActiveCfg = RelWithDebInfo|x64
		{ECC1307A-E337-4626-9CE5-B31127313BC2}.RelWithDebInfo|x64.Build.0 = RelWithDebInfo|x64
		{BCC47C25-1C98-4C6F-8BE3-B50D39D5F34E}.Debug|x64.ActiveCfg = Debug|x64
		{BCC47C25-1C98-4C6F-8BE3-B50D39D5F34E}.Debug|x64.Build.0 = Debug|x64
		{BCC47C25-1C98-4C6F-8BE3-B50D39D5F34E}.Release|x64.ActiveCfg = Release|x64
		{BCC47C25-1C98-4C6F-8BE3-B50D39D5F34E}.Release|x64.Build.0 = Release|x64
		{BCC47C25-1C98-4C6F-8BE3-B50D39D5F34E}.MinSizeRel|x64.ActiveCfg = MinSizeRel|x64
		{BCC47C25-1C98-4C6F-8BE3-B50D39D5F34E}.MinSizeRel|x64.Build.0 = MinSizeRel|x64
		{BCC47C25-1C98-4C6F-8BE3-B50D39D5F34E}.RelWithDebInfo|x64.ActiveCfg = RelWithDebInfo|x64
		{BCC47C25-1C98-4C6F-8BE3-B50D39D5F34E}.RelWithDebInfo|x64.Build.0 = RelWithDebInfo|x64
		{E26C9769-83B5-4594-9804-C36A1609CC17}.Debug|x64.ActiveCfg = Debug|x64
		{E26C9769-83B5-4594-9804-C36A1609CC17}.Debug|x64.Build.0 = Debug|x64
		{E26C9769-83B5-4594-9804-C36A1609CC17}.Release|x64.ActiveCfg = Release|x64
		{E26C9769-83B5-4594-9804-C36A1609CC17}.Release|x64.Build.0 = Release|x64
		{E26C9769-83B5-4594-9804-C36A1609CC17}.MinSizeRel|x64.ActiveCfg = MinSizeRel|x64
		{E26C9769-83B5-4594-9804-C36A1609CC17}.MinSizeRel|x64.Build.0 = MinSizeRel|x64
		{E26C9769-83B5-4594-9804-C36A1609CC17}.RelWithDebInfo|x64.ActiveCfg = RelWithDebInfo|x64
		{E26C9769-83B5-4594-9804-C36A1609CC17}.RelWithDebInfo|x64.Build.0 = RelWithDebInfo|x64
		{E6C78C31-578E-48A5-992D-F2364F7B8D2F}.Debug|x64.ActiveCfg = Debug|x64
		{E6C78C31-578E-48A5-992D-F2364F7B8D2F}.Debug|x64.Build.0 = Debug|x64
		{E6C78C31-578E-48A5-992D-F2364F7B8D2F}.Release|x64.ActiveCfg = Release|x64
		{E6C78C31-578E-48A5-992D-F2364F7B8D2F}.Release|x64.Build.0 = Release|x64
		{E6C78C31-578E-48A5-992D-F2364F7B8D2F}.MinSizeRel|x64.ActiveCfg = MinSizeRel|x64
		{E6C78C31-578E-48A5-992D-F2364F7B8D2F}.MinSizeRel|x64.Build.0 = MinSizeRel|x64
		{E6C78C31-578E-48A5-992D-F2364F7B8D2F}.RelWithDebInfo|x64.ActiveCfg = RelWithDebInfo|x64
		{E6C78C31-578E-48A5-992D-F2364F7B8D2F}.RelWithDebInfo|x64.Build.0 = RelWithDebInfo|x64
		{0EBF2E43-2A83-4498-80BF-D1952518FCFF}.Debug|x64.ActiveCfg = Debug|x64
		{0EBF2E43-2A83-4498-80BF-D1952518FCFF}.Debug|x64.Build.0 = Debug|x64
		{0EBF2E43-2A83-4498-80BF-D1952518FCFF}.Release|x64.ActiveCfg = Release|x64
		{0EBF2E43-2A83-4498-80BF-D1952518FCFF}.Release|x64.Build.0 = Release|x64
		{0EBF2E43-2A83-4498-80BF-D1952518FCFF}.MinSizeRel|x64.ActiveCfg = MinSizeRel|x64
		{0EBF2E43-2A83-4498-80BF-D1952518FCFF}.MinSizeRel|x64.Build.0 = MinSizeRel|x64
		{0EBF2E43-2A83-4498-80BF-D1952518FCFF}.RelWithDebInfo|x64.ActiveCfg = RelWithDebInfo|x64
		{0EBF2E43-2A83-4498-80BF-D1952518FCFF}.RelWithDebInfo|x64.Build.0 = RelWithDebInfo|x64
		{B27AFD71-15EA-4D22-8FBE-EBF561E086ED}.Debug|x64.ActiveCfg = Debug|x64
		{B27AFD71-15EA-4D22-8FBE-EBF561E086ED}.Debug|x64.Build.0 = Debug|x64
		{B27AFD71-15EA-4D22-8FBE-EBF561E086ED}.Release|x64.ActiveCfg = Release|x64
		{B27AFD71-15EA-4D22-8FBE-EBF561E086ED}.Release|x64.Build.0 = Release|x64
		{B27AFD71-15EA-4D22-8FBE-EBF561E086ED}.MinSizeRel|x64.ActiveCfg = MinSizeRel|x64
		{B27AFD71-15EA-4D22-8FBE-EBF561E086ED}.MinSizeRel|x64.Build.0 = MinSizeRel|x64
		{B27AFD71-15EA-4D22-8FBE-EBF561E086ED}.RelWithDebInfo|x64.ActiveCfg = RelWithDebInfo|x64
		{B27AFD71-15EA-4D22-8FBE-EBF561E086ED}.RelWithDebInfo|x64.Build.0 = RelWithDebInfo|x64
		{6FA68961-4A5D-4B68-9BB4-DBF1ABF190AA}.Debug|x64.ActiveCfg = Debug|x64
		{6FA68961-4A5D-4B68-9BB4-DBF1ABF190AA}.Debug|x64.Build.0 = Debug|x64
		{6FA68961-4A5D-4B68-9BB4-DBF1ABF190AA}.Release|x64.ActiveCfg = Release|x64
		{6FA68961-4A5D-4B68-9BB4-DBF1ABF190AA}.Release|x64.Build.0 = Release|x64
		{6FA68961-4A5D-4B68-9BB4-DBF1ABF190AA}.MinSizeRel|x64.ActiveCfg = MinSizeRel|x64
		{6FA68961-4A5D-4B68-9BB4-DBF1ABF190AA}.MinSizeRel|x64.Build.0 = MinSizeRel|x64
		{6FA68961-4A5D-4B68-9BB4-DBF1ABF190AA}.RelWithDebInfo|x64.ActiveCfg = RelWithDebInfo|x64
		{6FA68961-4A5D-4B68-9BB4-DBF1ABF190AA}.RelWithDebInfo|x64.Build.0 = RelWithDebInfo|x64
		{25C13B4D-A623-4065-81C6-028497DC5876}.Debug|x64.ActiveCfg = Debug|x64
		{25C13B4D-A623-4065-81C6-028497DC5876}.Debug|x64.Build.0 = Debug|x64
		{25C13B4D-A623-4065-81C6-028497DC5876}.Release|x64.ActiveCfg = Release|x64
		{25C13B4D-A623-4065-81C6-028497DC5876}.Release|x64.Build.0 = Release|x64
		{25C13B4D-A623-4065-81C6-028497DC5876}.MinSizeRel|x64.ActiveCfg = MinSizeRel|x64
		{25C13B4D-A623-4065-81C6-028497DC5876}.MinSizeRel|x64.Build.0 = MinSizeRel|x64
		{25C13B4D-A623-4065-81C6-028497DC5876}.RelWithDebInfo|x64.ActiveCfg = RelWithDebInfo|x64
		{25C13B4D-A623-4065-81C6-028497DC5876}.RelWithDebInfo|x64.Build.0 = RelWithDebInfo|x64
		{2E6AF69C-F4E3-4C08-A2A3-9DD60F551E8C}.Debug|x64.ActiveCfg = Debug|x64
		{2E6AF69C-F4E3-4C08-A2A3-9DD60F551E8C}.Debug|x64.Build.0 = Debug|x64
		{2E6AF69C-F4E3-4C08-A2A3-9DD60F551E8C}.Release|x64.ActiveCfg = Release|x64
		{2E6AF69C-F4E3-4C08-A2A3-9DD60F551E8C}.Release|x64.Build.0 = Release|x64
		{2E6AF69C-F4E3-4C08-A2A3-9DD60F551E8C}.MinSizeRel|x64.ActiveCfg = MinSizeRel|x64
		{2E6AF69C-F4E3-4C08-A2A3-9DD60F551E8C}.MinSizeRel|x64.Build.0 = MinSizeRel|x64
		{2E6AF69C-F4E3-4C08-A2A3-9DD60F551E8C}.RelWithDebInfo|x64.ActiveCfg = RelWithDebInfo|x64
		{2E6AF69C-F4E3-4C08-A2A3-9DD60F551E8C}.RelWithDebInfo|x64.Build.0 = RelWithDebInfo|x64
		{13D4D74C-D983-4B2E-886E-32DDADC08B11}.Debug|x64.ActiveCfg = Debug|x64
		{13D4D74C-D983-4B2E-886E-32DDADC08B11}.Debug|x64.Build.0 = Debug|x64
		{13D4D74C-D983-4B2E-886E-32DDADC08B11}.Release|x64.ActiveCfg = Release|x64
		{13D4D74C-D983-4B2E-886E-32DDADC08B11}.Release|x64.Build.0 = Release|x64
		{13D4D74C-D983-4B2E-886E-32DDADC08B11}.MinSizeRel|x64.ActiveCfg = MinSizeRel|x64
		{13D4D74C-D983-4B2E-886E-32DDADC08B11}.MinSizeRel|x64.Build.0 = MinSizeRel|x64
		{13D4D74C-D983-4B2E-886E-32DDADC08B11}.RelWithDebInfo|x64.ActiveCfg = RelWithDebInfo|x64
		{13D4D74C-D983-4B2E-886E-32DDADC08B11}.RelWithDebInfo|x64.Build.0 = RelWithDebInfo|x64
		{0181BE5D-F5FA-42FD-A9DF-0054F167A146}.Debug|x64.ActiveCfg = Debug|x64
		{0181BE5D-F5FA-42FD-A9DF-0054F167A146}.Debug|x64.Build.0 = Debug|x64
		{0181BE5D-F5FA-42FD-A9DF-0054F167A146}.Release|x64.ActiveCfg = Release|x64
		{0181BE5D-F5FA-42FD-A9DF-0054F167A146}.Release|x64.Build.0 = Release|x64
		{0181BE5D-F5FA-42FD-A9DF-0054F167A146}.MinSizeRel|x64.ActiveCfg = MinSizeRel|x64
		{0181BE5D-F5FA-42FD-A9DF-0054F167A146}.MinSizeRel|x64.Build.0 = MinSizeRel|x64
		{0181BE5D-F5FA-42FD-A9DF-0054F167A146}.RelWithDebInfo|x64.ActiveCfg = RelWithDebInfo|x64
		{0181BE5D-F5FA-42FD-A9DF-0054F167A146}.RelWithDebInfo|x64.Build.0 = RelWithDebInfo|x64
		{E4AE9FD2-BE2F-4094-9388-8E656AB1ADE0}.Debug|x64.ActiveCfg = Debug|x64
		{E4AE9FD2-BE2F-4094-9388-8E656AB1ADE0}.Debug|x64.Build.0 = Debug|x64
		{E4AE9FD2-BE2F-4094-9388-8E656AB1ADE0}.Release|x64.ActiveCfg = Release|x64
		{E4AE9FD2-BE2F-4094-9388-8E656AB1ADE0}.Release|x64.Build.0 = Release|x64
		{E4AE9FD2-BE2F-4094-9388-8E656AB1ADE0}.MinSizeRel|x64.ActiveCfg = MinSizeRel|x64
		{E4AE9FD2-BE2F-4094-9388-8E656AB1ADE0}.MinSizeRel|x64.Build.0 = MinSizeRel|x64
		{E4AE9FD2-BE2F-4094-9388-8E656AB1ADE0}.RelWithDebInfo|x64.ActiveCfg = RelWithDebInfo|x64
		{E4AE9FD2-BE2F-4094-9388-8E656AB1ADE0}.RelWithDebInfo|x64.Build.0 = RelWithDebInfo|x64
		{C26BC6C5-65EC-4E5D-BCCB-8CFF3F638082}.Debug|x64.ActiveCfg = Debug|x64
		{C26BC6C5-65EC-4E5D-BCCB-8CFF3F638082}.Debug|x64.Build.0 = Debug|x64
		{C26BC6C5-65EC-4E5D-BCCB-8CFF3F638082}.Release|x64.ActiveCfg = Release|x64
		{C26BC6C5-65EC-4E5D-BCCB-8CFF3F638082}.Release|x64.Build.0 = Release|x64
		{C26BC6C5-65EC-4E5D-BCCB-8CFF3F638082}.MinSizeRel|x64.ActiveCfg = MinSizeRel|x64
		{C26BC6C5-65EC-4E5D-BCCB-8CFF3F638082}.MinSizeRel|x64.Build.0 = MinSizeRel|x64
		{C26BC6C5-65EC-4E5D-BCCB-8CFF3F638082}.RelWithDebInfo|x64.ActiveCfg = RelWithDebInfo|x64
		{C26BC6C5-65EC-4E5D-BCCB-8CFF3F638082}.RelWithDebInfo|x64.Build.0 = RelWithDebInfo|x64
		{9A1FD2E3-543E-4C4E-A13E-467EABE24A3D}.Debug|x64.ActiveCfg = Debug|x64
		{9A1FD2E3-543E-4C4E-A13E-467EABE24A3D}.Debug|x64.Build.0 = Debug|x64
		{9A1FD2E3-543E-4C4E-A13E-467EABE24A3D}.Release|x64.ActiveCfg = Release|x64
		{9A1FD2E3-543E-4C4E-A13E-467EABE24A3D}.Release|x64.Build.0 = Release|x64
		{9A1FD2E3-543E-4C4E-A13E-467EABE24A3D}.MinSizeRel|x64.ActiveCfg = MinSizeRel|x64
		{9A1FD2E3-543E-4C4E-A13E-467EABE24A3D}.MinSizeRel|x64.Build.0 = MinSizeRel|x64
		{9A1FD2E3-543E-4C4E-A13E-467EABE24A3D}.RelWithDebInfo|x64.ActiveCfg = RelWithDebInfo|x64
		{9A1FD2E3-543E-4C4E-A13E-467EABE24A3D}.RelWithDebInfo|x64.Build.0 = RelWithDebInfo|x64
		{B1A03EF2-B07E-4F99-A300-FDCBD14DDC93}.Debug|x64.ActiveCfg = Debug|x64
		{B1A03EF2-B07E-4F99-A300-FDCBD14DDC93}.Debug|x64.Build.0 = Debug|x64
		{B1A03EF2-B07E-4F99-A300-FDCBD14DDC93}.Release|x64.ActiveCfg = Release|x64
		{B1A03EF2-B07E-4F99-A300-FDCBD14DDC93}.Release|x64.Build.0 = Release|x64
		{B1A03EF2-B07E-4F99-A300-FDCBD14DDC93}.MinSizeRel|x64.ActiveCfg = MinSizeRel|x64
		{B1A03EF2-B07E-4F99-A300-FDCBD14DDC93}.MinSizeRel|x64.Build.0 = MinSizeRel|x64
		{B1A03EF2-B07E-4F99-A300-FDCBD14DDC93}.RelWithDebInfo|x64.ActiveCfg = RelWithDebInfo|x64
		{B1A03EF2-B07E-4F99-A300-FDCBD14DDC93}.RelWithDebInfo|x64.Build.0 = RelWithDebInfo|x64
	EndGlobalSection
	GlobalSection(ExtensibilityGlobals) = postSolution
	EndGlobalSection
	GlobalSection(ExtensibilityAddIns) = postSolution
	EndGlobalSection
EndGlobal
