Microsoft Visual Studio Solution File, Format Version 12.00
# Visual Studio 2012
Project("{8BC9CEB8-8B4A-11D0-8D11-00A0C91BC942}") = "ALL_BUILD", "ALL_BUILD.vcxproj", "{F6881B4C-2304-3756-9978-221089A6E452}"
	ProjectSection(ProjectDependencies) = postProject
		{1EB6C008-C51B-3C3C-92BA-184E0D802449} = {1EB6C008-C51B-3C3C-92BA-184E0D802449}
		{E91C963A-C71B-3092-8AB8-0D7E14E04084} = {E91C963A-C71B-3092-8AB8-0D7E14E04084}
		{670E46C9-1FF9-334B-96DB-F7224980E131} = {670E46C9-1FF9-334B-96DB-F7224980E131}
		{C4E20307-CA82-3DF4-ACED-2EC667C9C1FF} = {C4E20307-CA82-3DF4-ACED-2EC667C9C1FF}
		{FA743903-5310-35AD-A42D-ABFBB73CCE04} = {FA743903-5310-35AD-A42D-ABFBB73CCE04}
		{24478E46-E135-3D56-A603-84D56F15E3FF} = {24478E46-E135-3D56-A603-84D56F15E3FF}
		{992E8C81-D0BD-3EAE-8EEC-5F775DF05BFF} = {992E8C81-D0BD-3EAE-8EEC-5F775DF05BFF}
		{0222445A-38F0-30BB-AD90-50658362FAC0} = {0222445A-38F0-30BB-AD90-50658362FAC0}
		{D79629A0-9412-3033-BA57-EE194302CADE} = {D79629A0-9412-3033-BA57-EE194302CADE}
		{7E7B60B6-2A32-32E2-907C-C309FB5E957E} = {7E7B60B6-2A32-32E2-907C-C309FB5E957E}
		{2BD8875B-BB3A-38FF-BB1A-CFA01AC267A6} = {2BD8875B-BB3A-38FF-BB1A-CFA01AC267A6}
		{1CC4ACB2-6387-3BE3-8CED-E9A6B8D35D8F} = {1CC4ACB2-6387-3BE3-8CED-E9A6B8D35D8F}
	EndProjectSection
EndProject
Project("{8BC9CEB8-8B4A-11D0-8D11-00A0C91BC942}") = "INSTALL", "INSTALL.vcxproj", "{F9BC2AC5-7BC2-31E2-9347-A1683F983614}"
	ProjectSection(ProjectDependencies) = postProject
		{F6881B4C-2304-3756-9978-221089A6E452} = {F6881B4C-2304-3756-9978-221089A6E452}
	EndProjectSection
EndProject
Project("{8BC9CEB8-8B4A-11D0-8D11-00A0C91BC942}") = "ZERO_CHECK", "ZERO_CHECK.vcxproj", "{1EB6C008-C51B-3C3C-92BA-184E0D802449}"
	ProjectSection(ProjectDependencies) = postProject
	EndProjectSection
EndProject
Project("{8BC9CEB8-8B4A-11D0-8D11-00A0C91BC942}") = "legend", "legend.vcxproj", "{E91C963A-C71B-3092-8AB8-0D7E14E04084}"
	ProjectSection(ProjectDependencies) = postProject
		{1EB6C008-C51B-3C3C-92BA-184E0D802449} = {1EB6C008-C51B-3C3C-92BA-184E0D802449}
		{C4E20307-CA82-3DF4-ACED-2EC667C9C1FF} = {C4E20307-CA82-3DF4-ACED-2EC667C9C1FF}
	EndProjectSection
EndProject
Project("{8BC9CEB8-8B4A-11D0-8D11-00A0C91BC942}") = "mapserv", "mapserv.vcxproj", "{670E46C9-1FF9-334B-96DB-F7224980E131}"
	ProjectSection(ProjectDependencies) = postProject
		{1EB6C008-C51B-3C3C-92BA-184E0D802449} = {1EB6C008-C51B-3C3C-92BA-184E0D802449}
		{C4E20307-CA82-3DF4-ACED-2EC667C9C1FF} = {C4E20307-CA82-3DF4-ACED-2EC667C9C1FF}
	EndProjectSection
EndProject
Project("{8BC9CEB8-8B4A-11D0-8D11-00A0C91BC942}") = "mapserver", "mapserver.vcxproj", "{C4E20307-CA82-3DF4-ACED-2EC667C9C1FF}"
	ProjectSection(ProjectDependencies) = postProject
		{1EB6C008-C51B-3C3C-92BA-184E0D802449} = {1EB6C008-C51B-3C3C-92BA-184E0D802449}
	EndProjectSection
EndProject
Project("{8BC9CEB8-8B4A-11D0-8D11-00A0C91BC942}") = "msencrypt", "msencrypt.vcxproj", "{FA743903-5310-35AD-A42D-ABFBB73CCE04}"
	ProjectSection(ProjectDependencies) = postProject
		{1EB6C008-C51B-3C3C-92BA-184E0D802449} = {1EB6C008-C51B-3C3C-92BA-184E0D802449}
		{C4E20307-CA82-3DF4-ACED-2EC667C9C1FF} = {C4E20307-CA82-3DF4-ACED-2EC667C9C1FF}
	EndProjectSection
EndProject
Project("{8BC9CEB8-8B4A-11D0-8D11-00A0C91BC942}") = "scalebar", "scalebar.vcxproj", "{24478E46-E135-3D56-A603-84D56F15E3FF}"
	ProjectSection(ProjectDependencies) = postProject
		{1EB6C008-C51B-3C3C-92BA-184E0D802449} = {1EB6C008-C51B-3C3C-92BA-184E0D802449}
		{C4E20307-CA82-3DF4-ACED-2EC667C9C1FF} = {C4E20307-CA82-3DF4-ACED-2EC667C9C1FF}
	EndProjectSection
EndProject
Project("{8BC9CEB8-8B4A-11D0-8D11-00A0C91BC942}") = "shp2img", "shp2img.vcxproj", "{992E8C81-D0BD-3EAE-8EEC-5F775DF05BFF}"
	ProjectSection(ProjectDependencies) = postProject
		{1EB6C008-C51B-3C3C-92BA-184E0D802449} = {1EB6C008-C51B-3C3C-92BA-184E0D802449}
		{C4E20307-CA82-3DF4-ACED-2EC667C9C1FF} = {C4E20307-CA82-3DF4-ACED-2EC667C9C1FF}
	EndProjectSection
EndProject
Project("{8BC9CEB8-8B4A-11D0-8D11-00A0C91BC942}") = "shptree", "shptree.vcxproj", "{0222445A-38F0-30BB-AD90-50658362FAC0}"
	ProjectSection(ProjectDependencies) = postProject
		{1EB6C008-C51B-3C3C-92BA-184E0D802449} = {1EB6C008-C51B-3C3C-92BA-184E0D802449}
		{C4E20307-CA82-3DF4-ACED-2EC667C9C1FF} = {C4E20307-CA82-3DF4-ACED-2EC667C9C1FF}
	EndProjectSection
EndProject
Project("{8BC9CEB8-8B4A-11D0-8D11-00A0C91BC942}") = "shptreetst", "shptreetst.vcxproj", "{D79629A0-9412-3033-BA57-EE194302CADE}"
	ProjectSection(ProjectDependencies) = postProject
		{1EB6C008-C51B-3C3C-92BA-184E0D802449} = {1EB6C008-C51B-3C3C-92BA-184E0D802449}
		{C4E20307-CA82-3DF4-ACED-2EC667C9C1FF} = {C4E20307-CA82-3DF4-ACED-2EC667C9C1FF}
	EndProjectSection
EndProject
Project("{8BC9CEB8-8B4A-11D0-8D11-00A0C91BC942}") = "shptreevis", "shptreevis.vcxproj", "{7E7B60B6-2A32-32E2-907C-C309FB5E957E}"
	ProjectSection(ProjectDependencies) = postProject
		{1EB6C008-C51B-3C3C-92BA-184E0D802449} = {1EB6C008-C51B-3C3C-92BA-184E0D802449}
		{C4E20307-CA82-3DF4-ACED-2EC667C9C1FF} = {C4E20307-CA82-3DF4-ACED-2EC667C9C1FF}
	EndProjectSection
EndProject
Project("{8BC9CEB8-8B4A-11D0-8D11-00A0C91BC942}") = "sortshp", "sortshp.vcxproj", "{2BD8875B-BB3A-38FF-BB1A-CFA01AC267A6}"
	ProjectSection(ProjectDependencies) = postProject
		{1EB6C008-C51B-3C3C-92BA-184E0D802449} = {1EB6C008-C51B-3C3C-92BA-184E0D802449}
		{C4E20307-CA82-3DF4-ACED-2EC667C9C1FF} = {C4E20307-CA82-3DF4-ACED-2EC667C9C1FF}
	EndProjectSection
EndProject
Project("{8BC9CEB8-8B4A-11D0-8D11-00A0C91BC942}") = "tile4ms", "tile4ms.vcxproj", "{1CC4ACB2-6387-3BE3-8CED-E9A6B8D35D8F}"
	ProjectSection(ProjectDependencies) = postProject
		{1EB6C008-C51B-3C3C-92BA-184E0D802449} = {1EB6C008-C51B-3C3C-92BA-184E0D802449}
		{C4E20307-CA82-3DF4-ACED-2EC667C9C1FF} = {C4E20307-CA82-3DF4-ACED-2EC667C9C1FF}
	EndProjectSection
EndProject
Global
	GlobalSection(SolutionConfigurationPlatforms) = preSolution
		Debug|x64 = Debug|x64
		Release|x64 = Release|x64
		MinSizeRel|x64 = MinSizeRel|x64
		RelWithDebInfo|x64 = RelWithDebInfo|x64
	EndGlobalSection
	GlobalSection(ProjectConfigurationPlatforms) = postSolution
		{F6881B4C-2304-3756-9978-221089A6E452}.Debug|x64.ActiveCfg = Debug|x64
		{F6881B4C-2304-3756-9978-221089A6E452}.Debug|x64.Build.0 = Debug|x64
		{F6881B4C-2304-3756-9978-221089A6E452}.Release|x64.ActiveCfg = Release|x64
		{F6881B4C-2304-3756-9978-221089A6E452}.Release|x64.Build.0 = Release|x64
		{F6881B4C-2304-3756-9978-221089A6E452}.MinSizeRel|x64.ActiveCfg = MinSizeRel|x64
		{F6881B4C-2304-3756-9978-221089A6E452}.MinSizeRel|x64.Build.0 = MinSizeRel|x64
		{F6881B4C-2304-3756-9978-221089A6E452}.RelWithDebInfo|x64.ActiveCfg = RelWithDebInfo|x64
		{F6881B4C-2304-3756-9978-221089A6E452}.RelWithDebInfo|x64.Build.0 = RelWithDebInfo|x64
		{F9BC2AC5-7BC2-31E2-9347-A1683F983614}.Debug|x64.ActiveCfg = Debug|x64
		{F9BC2AC5-7BC2-31E2-9347-A1683F983614}.Release|x64.ActiveCfg = Release|x64
		{F9BC2AC5-7BC2-31E2-9347-A1683F983614}.MinSizeRel|x64.ActiveCfg = MinSizeRel|x64
		{F9BC2AC5-7BC2-31E2-9347-A1683F983614}.RelWithDebInfo|x64.ActiveCfg = RelWithDebInfo|x64
		{1EB6C008-C51B-3C3C-92BA-184E0D802449}.Debug|x64.ActiveCfg = Debug|x64
		{1EB6C008-C51B-3C3C-92BA-184E0D802449}.Debug|x64.Build.0 = Debug|x64
		{1EB6C008-C51B-3C3C-92BA-184E0D802449}.Release|x64.ActiveCfg = Release|x64
		{1EB6C008-C51B-3C3C-92BA-184E0D802449}.Release|x64.Build.0 = Release|x64
		{1EB6C008-C51B-3C3C-92BA-184E0D802449}.MinSizeRel|x64.ActiveCfg = MinSizeRel|x64
		{1EB6C008-C51B-3C3C-92BA-184E0D802449}.MinSizeRel|x64.Build.0 = MinSizeRel|x64
		{1EB6C008-C51B-3C3C-92BA-184E0D802449}.RelWithDebInfo|x64.ActiveCfg = RelWithDebInfo|x64
		{1EB6C008-C51B-3C3C-92BA-184E0D802449}.RelWithDebInfo|x64.Build.0 = RelWithDebInfo|x64
		{E91C963A-C71B-3092-8AB8-0D7E14E04084}.Debug|x64.ActiveCfg = Debug|x64
		{E91C963A-C71B-3092-8AB8-0D7E14E04084}.Debug|x64.Build.0 = Debug|x64
		{E91C963A-C71B-3092-8AB8-0D7E14E04084}.Release|x64.ActiveCfg = Release|x64
		{E91C963A-C71B-3092-8AB8-0D7E14E04084}.Release|x64.Build.0 = Release|x64
		{E91C963A-C71B-3092-8AB8-0D7E14E04084}.MinSizeRel|x64.ActiveCfg = MinSizeRel|x64
		{E91C963A-C71B-3092-8AB8-0D7E14E04084}.MinSizeRel|x64.Build.0 = MinSizeRel|x64
		{E91C963A-C71B-3092-8AB8-0D7E14E04084}.RelWithDebInfo|x64.ActiveCfg = RelWithDebInfo|x64
		{E91C963A-C71B-3092-8AB8-0D7E14E04084}.RelWithDebInfo|x64.Build.0 = RelWithDebInfo|x64
		{670E46C9-1FF9-334B-96DB-F7224980E131}.Debug|x64.ActiveCfg = Debug|x64
		{670E46C9-1FF9-334B-96DB-F7224980E131}.Debug|x64.Build.0 = Debug|x64
		{670E46C9-1FF9-334B-96DB-F7224980E131}.Release|x64.ActiveCfg = Release|x64
		{670E46C9-1FF9-334B-96DB-F7224980E131}.Release|x64.Build.0 = Release|x64
		{670E46C9-1FF9-334B-96DB-F7224980E131}.MinSizeRel|x64.ActiveCfg = MinSizeRel|x64
		{670E46C9-1FF9-334B-96DB-F7224980E131}.MinSizeRel|x64.Build.0 = MinSizeRel|x64
		{670E46C9-1FF9-334B-96DB-F7224980E131}.RelWithDebInfo|x64.ActiveCfg = RelWithDebInfo|x64
		{670E46C9-1FF9-334B-96DB-F7224980E131}.RelWithDebInfo|x64.Build.0 = RelWithDebInfo|x64
		{C4E20307-CA82-3DF4-ACED-2EC667C9C1FF}.Debug|x64.ActiveCfg = Debug|x64
		{C4E20307-CA82-3DF4-ACED-2EC667C9C1FF}.Debug|x64.Build.0 = Debug|x64
		{C4E20307-CA82-3DF4-ACED-2EC667C9C1FF}.Release|x64.ActiveCfg = Release|x64
		{C4E20307-CA82-3DF4-ACED-2EC667C9C1FF}.Release|x64.Build.0 = Release|x64
		{C4E20307-CA82-3DF4-ACED-2EC667C9C1FF}.MinSizeRel|x64.ActiveCfg = MinSizeRel|x64
		{C4E20307-CA82-3DF4-ACED-2EC667C9C1FF}.MinSizeRel|x64.Build.0 = MinSizeRel|x64
		{C4E20307-CA82-3DF4-ACED-2EC667C9C1FF}.RelWithDebInfo|x64.ActiveCfg = RelWithDebInfo|x64
		{C4E20307-CA82-3DF4-ACED-2EC667C9C1FF}.RelWithDebInfo|x64.Build.0 = RelWithDebInfo|x64
		{FA743903-5310-35AD-A42D-ABFBB73CCE04}.Debug|x64.ActiveCfg = Debug|x64
		{FA743903-5310-35AD-A42D-ABFBB73CCE04}.Debug|x64.Build.0 = Debug|x64
		{FA743903-5310-35AD-A42D-ABFBB73CCE04}.Release|x64.ActiveCfg = Release|x64
		{FA743903-5310-35AD-A42D-ABFBB73CCE04}.Release|x64.Build.0 = Release|x64
		{FA743903-5310-35AD-A42D-ABFBB73CCE04}.MinSizeRel|x64.ActiveCfg = MinSizeRel|x64
		{FA743903-5310-35AD-A42D-ABFBB73CCE04}.MinSizeRel|x64.Build.0 = MinSizeRel|x64
		{FA743903-5310-35AD-A42D-ABFBB73CCE04}.RelWithDebInfo|x64.ActiveCfg = RelWithDebInfo|x64
		{FA743903-5310-35AD-A42D-ABFBB73CCE04}.RelWithDebInfo|x64.Build.0 = RelWithDebInfo|x64
		{24478E46-E135-3D56-A603-84D56F15E3FF}.Debug|x64.ActiveCfg = Debug|x64
		{24478E46-E135-3D56-A603-84D56F15E3FF}.Debug|x64.Build.0 = Debug|x64
		{24478E46-E135-3D56-A603-84D56F15E3FF}.Release|x64.ActiveCfg = Release|x64
		{24478E46-E135-3D56-A603-84D56F15E3FF}.Release|x64.Build.0 = Release|x64
		{24478E46-E135-3D56-A603-84D56F15E3FF}.MinSizeRel|x64.ActiveCfg = MinSizeRel|x64
		{24478E46-E135-3D56-A603-84D56F15E3FF}.MinSizeRel|x64.Build.0 = MinSizeRel|x64
		{24478E46-E135-3D56-A603-84D56F15E3FF}.RelWithDebInfo|x64.ActiveCfg = RelWithDebInfo|x64
		{24478E46-E135-3D56-A603-84D56F15E3FF}.RelWithDebInfo|x64.Build.0 = RelWithDebInfo|x64
		{992E8C81-D0BD-3EAE-8EEC-5F775DF05BFF}.Debug|x64.ActiveCfg = Debug|x64
		{992E8C81-D0BD-3EAE-8EEC-5F775DF05BFF}.Debug|x64.Build.0 = Debug|x64
		{992E8C81-D0BD-3EAE-8EEC-5F775DF05BFF}.Release|x64.ActiveCfg = Release|x64
		{992E8C81-D0BD-3EAE-8EEC-5F775DF05BFF}.Release|x64.Build.0 = Release|x64
		{992E8C81-D0BD-3EAE-8EEC-5F775DF05BFF}.MinSizeRel|x64.ActiveCfg = MinSizeRel|x64
		{992E8C81-D0BD-3EAE-8EEC-5F775DF05BFF}.MinSizeRel|x64.Build.0 = MinSizeRel|x64
		{992E8C81-D0BD-3EAE-8EEC-5F775DF05BFF}.RelWithDebInfo|x64.ActiveCfg = RelWithDebInfo|x64
		{992E8C81-D0BD-3EAE-8EEC-5F775DF05BFF}.RelWithDebInfo|x64.Build.0 = RelWithDebInfo|x64
		{0222445A-38F0-30BB-AD90-50658362FAC0}.Debug|x64.ActiveCfg = Debug|x64
		{0222445A-38F0-30BB-AD90-50658362FAC0}.Debug|x64.Build.0 = Debug|x64
		{0222445A-38F0-30BB-AD90-50658362FAC0}.Release|x64.ActiveCfg = Release|x64
		{0222445A-38F0-30BB-AD90-50658362FAC0}.Release|x64.Build.0 = Release|x64
		{0222445A-38F0-30BB-AD90-50658362FAC0}.MinSizeRel|x64.ActiveCfg = MinSizeRel|x64
		{0222445A-38F0-30BB-AD90-50658362FAC0}.MinSizeRel|x64.Build.0 = MinSizeRel|x64
		{0222445A-38F0-30BB-AD90-50658362FAC0}.RelWithDebInfo|x64.ActiveCfg = RelWithDebInfo|x64
		{0222445A-38F0-30BB-AD90-50658362FAC0}.RelWithDebInfo|x64.Build.0 = RelWithDebInfo|x64
		{D79629A0-9412-3033-BA57-EE194302CADE}.Debug|x64.ActiveCfg = Debug|x64
		{D79629A0-9412-3033-BA57-EE194302CADE}.Debug|x64.Build.0 = Debug|x64
		{D79629A0-9412-3033-BA57-EE194302CADE}.Release|x64.ActiveCfg = Release|x64
		{D79629A0-9412-3033-BA57-EE194302CADE}.Release|x64.Build.0 = Release|x64
		{D79629A0-9412-3033-BA57-EE194302CADE}.MinSizeRel|x64.ActiveCfg = MinSizeRel|x64
		{D79629A0-9412-3033-BA57-EE194302CADE}.MinSizeRel|x64.Build.0 = MinSizeRel|x64
		{D79629A0-9412-3033-BA57-EE194302CADE}.RelWithDebInfo|x64.ActiveCfg = RelWithDebInfo|x64
		{D79629A0-9412-3033-BA57-EE194302CADE}.RelWithDebInfo|x64.Build.0 = RelWithDebInfo|x64
		{7E7B60B6-2A32-32E2-907C-C309FB5E957E}.Debug|x64.ActiveCfg = Debug|x64
		{7E7B60B6-2A32-32E2-907C-C309FB5E957E}.Debug|x64.Build.0 = Debug|x64
		{7E7B60B6-2A32-32E2-907C-C309FB5E957E}.Release|x64.ActiveCfg = Release|x64
		{7E7B60B6-2A32-32E2-907C-C309FB5E957E}.Release|x64.Build.0 = Release|x64
		{7E7B60B6-2A32-32E2-907C-C309FB5E957E}.MinSizeRel|x64.ActiveCfg = MinSizeRel|x64
		{7E7B60B6-2A32-32E2-907C-C309FB5E957E}.MinSizeRel|x64.Build.0 = MinSizeRel|x64
		{7E7B60B6-2A32-32E2-907C-C309FB5E957E}.RelWithDebInfo|x64.ActiveCfg = RelWithDebInfo|x64
		{7E7B60B6-2A32-32E2-907C-C309FB5E957E}.RelWithDebInfo|x64.Build.0 = RelWithDebInfo|x64
		{2BD8875B-BB3A-38FF-BB1A-CFA01AC267A6}.Debug|x64.ActiveCfg = Debug|x64
		{2BD8875B-BB3A-38FF-BB1A-CFA01AC267A6}.Debug|x64.Build.0 = Debug|x64
		{2BD8875B-BB3A-38FF-BB1A-CFA01AC267A6}.Release|x64.ActiveCfg = Release|x64
		{2BD8875B-BB3A-38FF-BB1A-CFA01AC267A6}.Release|x64.Build.0 = Release|x64
		{2BD8875B-BB3A-38FF-BB1A-CFA01AC267A6}.MinSizeRel|x64.ActiveCfg = MinSizeRel|x64
		{2BD8875B-BB3A-38FF-BB1A-CFA01AC267A6}.MinSizeRel|x64.Build.0 = MinSizeRel|x64
		{2BD8875B-BB3A-38FF-BB1A-CFA01AC267A6}.RelWithDebInfo|x64.ActiveCfg = RelWithDebInfo|x64
		{2BD8875B-BB3A-38FF-BB1A-CFA01AC267A6}.RelWithDebInfo|x64.Build.0 = RelWithDebInfo|x64
		{1CC4ACB2-6387-3BE3-8CED-E9A6B8D35D8F}.Debug|x64.ActiveCfg = Debug|x64
		{1CC4ACB2-6387-3BE3-8CED-E9A6B8D35D8F}.Debug|x64.Build.0 = Debug|x64
		{1CC4ACB2-6387-3BE3-8CED-E9A6B8D35D8F}.Release|x64.ActiveCfg = Release|x64
		{1CC4ACB2-6387-3BE3-8CED-E9A6B8D35D8F}.Release|x64.Build.0 = Release|x64
		{1CC4ACB2-6387-3BE3-8CED-E9A6B8D35D8F}.MinSizeRel|x64.ActiveCfg = MinSizeRel|x64
		{1CC4ACB2-6387-3BE3-8CED-E9A6B8D35D8F}.MinSizeRel|x64.Build.0 = MinSizeRel|x64
		{1CC4ACB2-6387-3BE3-8CED-E9A6B8D35D8F}.RelWithDebInfo|x64.ActiveCfg = RelWithDebInfo|x64
		{1CC4ACB2-6387-3BE3-8CED-E9A6B8D35D8F}.RelWithDebInfo|x64.Build.0 = RelWithDebInfo|x64
	EndGlobalSection
	GlobalSection(ExtensibilityGlobals) = postSolution
	EndGlobalSection
	GlobalSection(ExtensibilityAddIns) = postSolution
	EndGlobalSection
EndGlobal
